<?xml version="1.0" encoding="utf-8"?>
<Project ToolsVersion="16.0" xmlns="http://schemas.microsoft.com/developer/msbuild/2003">
  <ItemGroup>
    <ClCompile Include="D:\IAD\Дискретные модели и сложность алгоритмов\shortest-path-by-heaps\algorithm\src\file_utils.cpp">
      <Filter>Source Files</Filter>
    </ClCompile>
    <ClCompile Include="D:\IAD\Дискретные модели и сложность алгоритмов\shortest-path-by-heaps\algorithm\src\main.cpp">
      <Filter>Source Files</Filter>
    </ClCompile>
    <ClCompile Include="D:\IAD\Дискретные модели и сложность алгоритмов\shortest-path-by-heaps\algorithm\src\performance.cpp">
      <Filter>Source Files</Filter>
    </ClCompile>
  </ItemGroup>
  <ItemGroup>
    <CustomBuild Include="D:\IAD\Дискретные модели и сложность алгоритмов\shortest-path-by-heaps\algorithm\CMakeLists.txt" />
  </ItemGroup>
  <ItemGroup>
    <Filter Include="Source Files">
      <UniqueIdentifier>{C59486A6-A5D9-3E0A-85A7-5502A7EF23D4}</UniqueIdentifier>
    </Filter>
  </ItemGroup>
</Project>
